
Microsoft Visual Studio Solution File, Format Version 12.00
# Visual Studio Version 17
VisualStudioVersion = 17.10.35122.118
MinimumVisualStudioVersion = 10.0.40219.1
Project("{FAE04EC0-301F-11D3-BF4B-00C04F79EFBC}") = "Project 7 Flying game", "Project 7 Flying game.csproj", "{7DC08775-C0C4-4E15-9FF7-0DC263DFF3A5}"
EndProject
Global
	GlobalSection(SolutionConfigurationPlatforms) = preSolution
		Debug|Any CPU = Debug|Any CPU
		Release|Any CPU = Release|Any CPU
	EndGlobalSection
	GlobalSection(ProjectConfigurationPlatforms) = postSolution
		{7DC08775-C0C4-4E15-9FF7-0DC263DFF3A5}.Debug|Any CPU.ActiveCfg = Debug|Any CPU
		{7DC08775-C0C4-4E15-9FF7-0DC263DFF3A5}.Debug|Any CPU.Build.0 = Debug|Any CPU
		{7DC08775-C0C4-4E15-9FF7-0DC263DFF3A5}.Release|Any CPU.ActiveCfg = Release|Any CPU
		{7DC08775-C0C4-4E15-9FF7-0DC263DFF3A5}.Release|Any CPU.Build.0 = Release|Any CPU
	EndGlobalSection
	GlobalSection(SolutionProperties) = preSolution
		HideSolutionNode = FALSE
	EndGlobalSection
	GlobalSection(ExtensibilityGlobals) = postSolution
		SolutionGuid = {74696B91-762B-4652-81EC-501A9E5F64F5}
	EndGlobalSection
EndGlobal
